Microsoft Visual Studio Solution File, Format Version 11.00
# Visual Studio 2008

Project("{6A1D74BD-59D2-8D76-5E00-E3B6D175D02A}") = "previously", "Assembly-CSharp.csproj", "{452DB1C9-9A08-BBE1-3DB5-B7BA3CF4C1C1}"
EndProject
Project("{6A1D74BD-59D2-8D76-5E00-E3B6D175D02A}") = "previously", "Assembly-CSharp-Editor.csproj", "{E0B1CCDB-0C6A-5BBF-4573-8E8B61B3E691}"
EndProject
Global
	GlobalSection(SolutionConfigurationPlatforms) = preSolution
		Debug|Any CPU = Debug|Any CPU
		Release|Any CPU = Release|Any CPU
	EndGlobalSection
	GlobalSection(ProjectConfigurationPlatforms) = postSolution
		{452DB1C9-9A08-BBE1-3DB5-B7BA3CF4C1C1}.Debug|Any CPU.ActiveCfg = Debug|Any CPU
		{452DB1C9-9A08-BBE1-3DB5-B7BA3CF4C1C1}.Debug|Any CPU.Build.0 = Debug|Any CPU
		{452DB1C9-9A08-BBE1-3DB5-B7BA3CF4C1C1}.Release|Any CPU.ActiveCfg = Release|Any CPU
		{452DB1C9-9A08-BBE1-3DB5-B7BA3CF4C1C1}.Release|Any CPU.Build.0 = Release|Any CPU
		{E0B1CCDB-0C6A-5BBF-4573-8E8B61B3E691}.Debug|Any CPU.ActiveCfg = Debug|Any CPU
		{E0B1CCDB-0C6A-5BBF-4573-8E8B61B3E691}.Debug|Any CPU.Build.0 = Debug|Any CPU
		{E0B1CCDB-0C6A-5BBF-4573-8E8B61B3E691}.Release|Any CPU.ActiveCfg = Release|Any CPU
		{E0B1CCDB-0C6A-5BBF-4573-8E8B61B3E691}.Release|Any CPU.Build.0 = Release|Any CPU
	EndGlobalSection
	GlobalSection(SolutionProperties) = preSolution
		HideSolutionNode = FALSE
	EndGlobalSection
																GlobalSection(MonoDevelopProperties) = preSolution
		StartupItem = Assembly-CSharp.csproj
		Policies = $0
		$0.TextStylePolicy = $1
		$1.inheritsSet = null
		$1.scope = text/x-csharp
		$0.CSharpFormattingPolicy = $2
		$2.inheritsSet = Mono
		$2.inheritsScope = text/x-csharp
		$2.scope = text/x-csharp
		$0.TextStylePolicy = $3
		$3.FileWidth = 120
		$3.TabWidth = 4
		$3.EolMarker = Unix
		$3.inheritsSet = Mono
		$3.inheritsScope = text/plain
		$3.scope = text/plain
	EndGlobalSection

EndGlobal
